# -------------------------------------------------------------------------- #
#
# Copyright (C) 1991-2009 Altera Corporation
# Your use of Altera Corporation's design tools, logic functions 
# and other software and tools, and its AMPP partner logic 
# functions, and any output files from any of the foregoing 
# (including device programming or simulation files), and any 
# associated documentation or information are expressly subject 
# to the terms and conditions of the Altera Program License 
# Subscription Agreement, Altera MegaCore Function License 
# Agreement, or other applicable license agreement, including, 
# without limitation, that your use is for the sole purpose of 
# programming logic devices manufactured by Altera and sold by 
# Altera or its authorized distributors.  Please refer to the 
# applicable agreement for further details.
#
# -------------------------------------------------------------------------- #
#
# Quartus II
# Version 9.1 Build 222 10/21/2009 SJ Web Edition
# Date created = 21:59:38  May 02, 2026
#
# -------------------------------------------------------------------------- #
#
# Notes:
#
# 1) The default values for assignments are stored in the file:
#		SiFOVM_KP_assignment_defaults.qdf
#    If this file doesn't exist, see file:
#		assignment_defaults.qdf
#
# 2) Altera recommends that you do not modify this file. This
#    file is updated automatically by the Quartus II software
#    and any changes you make may be lost or overwritten.
#
# -------------------------------------------------------------------------- #


set_global_assignment -name FAMILY "Stratix II"
set_global_assignment -name DEVICE AUTO
set_global_assignment -name TOP_LEVEL_ENTITY stack_memory
set_global_assignment -name ORIGINAL_QUARTUS_VERSION 9.1
set_global_assignment -name PROJECT_CREATION_TIME_DATE "21:59:38  MAY 02, 2026"
set_global_assignment -name LAST_QUARTUS_VERSION 9.1
set_global_assignment -name USE_GENERATED_PHYSICAL_CONSTRAINTS OFF -section_id eda_blast_fpga
set_global_assignment -name SEARCH_PATH lab3_var7_v1/
set_global_assignment -name SEARCH_PATH lab2_var2_v1/
set_global_assignment -name VHDL_FILE lpm_constant0.vhd
set_global_assignment -name SOURCE_FILE lpm_constant1.cmp
set_global_assignment -name VHDL_FILE lpm_constant1.vhd
set_global_assignment -name SOURCE_FILE lpm_constant10.cmp
set_global_assignment -name VHDL_FILE lpm_constant10.vhd
set_global_assignment -name SOURCE_FILE lpm_constant11.cmp
set_global_assignment -name VHDL_FILE lpm_constant11.vhd
set_global_assignment -name SOURCE_FILE lpm_constant12.cmp
set_global_assignment -name VHDL_FILE lpm_constant12.vhd
set_global_assignment -name SOURCE_FILE lpm_constant13.cmp
set_global_assignment -name VHDL_FILE lpm_constant13.vhd
set_global_assignment -name SOURCE_FILE lpm_constant14.cmp
set_global_assignment -name VHDL_FILE lpm_constant14.vhd
set_global_assignment -name SOURCE_FILE lpm_constant15.cmp
set_global_assignment -name VHDL_FILE lpm_constant15.vhd
set_global_assignment -name SOURCE_FILE lpm_constant2.cmp
set_global_assignment -name VHDL_FILE lpm_constant2.vhd
set_global_assignment -name SOURCE_FILE lpm_constant3.cmp
set_global_assignment -name VHDL_FILE lpm_constant3.vhd
set_global_assignment -name SOURCE_FILE lpm_constant4.cmp
set_global_assignment -name VHDL_FILE lpm_constant4.vhd
set_global_assignment -name SOURCE_FILE lpm_constant5.cmp
set_global_assignment -name VHDL_FILE lpm_constant5.vhd
set_global_assignment -name SOURCE_FILE lpm_constant6.cmp
set_global_assignment -name VHDL_FILE lpm_constant6.vhd
set_global_assignment -name SOURCE_FILE lpm_constant7.cmp
set_global_assignment -name VHDL_FILE lpm_constant7.vhd
set_global_assignment -name SOURCE_FILE lpm_constant8.cmp
set_global_assignment -name VHDL_FILE lpm_constant8.vhd
set_global_assignment -name SOURCE_FILE lpm_constant9.cmp
set_global_assignment -name VHDL_FILE lpm_constant9.vhd
set_global_assignment -name VHDL_FILE lpm_decode7.vhd
set_global_assignment -name VHDL_FILE lpm_ff0.vhd
set_global_assignment -name VHDL_FILE lpm_mux6.vhd
set_global_assignment -name VHDL_FILE lpm_mux7.vhd
set_global_assignment -name VHDL_FILE lpm_or1.vhd
set_global_assignment -name VHDL_FILE lpm_or2.vhd
set_global_assignment -name BDF_FILE Cash.bdf
set_global_assignment -name BDF_FILE CashBank.bdf
set_global_assignment -name BDF_FILE CashRow.bdf
set_global_assignment -name VHDL_FILE lpm_bustri0.vhd
set_global_assignment -name VHDL_FILE lpm_clshift0.vhd
set_global_assignment -name VHDL_FILE lpm_counter0.vhd
set_global_assignment -name VHDL_FILE lpm_decode3.vhd
set_global_assignment -name VHDL_FILE lpm_decode4.vhd
set_global_assignment -name VHDL_FILE lpm_decode5.vhd
set_global_assignment -name VHDL_FILE lpm_dff0.vhd
set_global_assignment -name VHDL_FILE lpm_dff2.vhd
set_global_assignment -name VHDL_FILE lpm_dff6.vhd
set_global_assignment -name VHDL_FILE lpm_mux5.vhd
set_global_assignment -name VHDL_FILE lpm_or0.vhd
set_global_assignment -name VHDL_FILE lpm_rom0.vhd
set_global_assignment -name VHDL_FILE lpm_xor0.vhd
set_global_assignment -name BDF_FILE register_unit.bdf
set_global_assignment -name QIP_FILE lpm_counter0.qip
set_global_assignment -name BDF_FILE stack_unit.bdf
set_global_assignment -name QIP_FILE lpm_decode0.qip
set_global_assignment -name QIP_FILE lpm_bustri0.qip
set_global_assignment -name QIP_FILE lpm_decode1.qip
set_global_assignment -name QIP_FILE lpm_mux0.qip
set_global_assignment -name QIP_FILE lpm_ff0.qip
set_global_assignment -name QIP_FILE lpm_dff6.qip
set_global_assignment -name QIP_FILE lpm_dff0.qip
set_global_assignment -name QIP_FILE lpm_dff1.qip
set_global_assignment -name QIP_FILE lpm_compare0.qip
set_global_assignment -name QIP_FILE lpm_mux4.qip
set_global_assignment -name QIP_FILE lpm_mux1.qip
set_global_assignment -name QIP_FILE lpm_counter1.qip
set_global_assignment -name QIP_FILE lpm_decode2.qip
set_global_assignment -name QIP_FILE lpm_mux2.qip
set_global_assignment -name QIP_FILE lpm_decode3.qip
set_global_assignment -name QIP_FILE lpm_mux3.qip
set_global_assignment -name QIP_FILE lpm_decode4.qip
set_global_assignment -name QIP_FILE lpm_decode5.qip
set_global_assignment -name QIP_FILE lpm_mux6.qip
set_global_assignment -name BDF_FILE logic_OR.bdf
set_global_assignment -name QIP_FILE lpm_or0.qip
set_global_assignment -name BDF_FILE logic_NXOR.bdf
set_global_assignment -name QIP_FILE lpm_xor0.qip
set_global_assignment -name BDF_FILE ROR.bdf
set_global_assignment -name QIP_FILE lpm_clshift0.qip
set_global_assignment -name BDF_FILE CMP.bdf
set_global_assignment -name QIP_FILE lpm_add_sub0.qip
set_global_assignment -name BDF_FILE SiFOVM_KP.bdf
set_global_assignment -name QIP_FILE lpm_rom0.qip
set_global_assignment -name BDF_FILE cache_bank_unit.bdf
set_global_assignment -name BDF_FILE cache_row_unit.bdf
set_global_assignment -name BDF_FILE cache_unit.bdf
set_global_assignment -name QIP_FILE lpm_mux7.qip
set_global_assignment -name QIP_FILE lpm_dff3.qip
set_global_assignment -name BDF_FILE cache_bank.bdf
set_global_assignment -name BDF_FILE cache_row.bdf
set_global_assignment -name QIP_FILE lpm_bustri1.qip
set_global_assignment -name BDF_FILE addr_parser.bdf
set_global_assignment -name QIP_FILE lpm_decode6.qip
set_global_assignment -name QIP_FILE lpm_dff4.qip
set_global_assignment -name QIP_FILE lpm_compare1.qip
set_global_assignment -name QIP_FILE lpm_compare2.qip
set_global_assignment -name QIP_FILE lpm_dff5.qip
set_global_assignment -name QIP_FILE lpm_decode8.qip
set_global_assignment -name QIP_FILE lpm_counter2.qip
set_global_assignment -name QIP_FILE "../../Примеры КР/Протасеня В.П/курсовой/CourseWork/Test/lpm_constant16.qip"
set_global_assignment -name QIP_FILE "../../Примеры КР/Протасеня В.П/курсовой/CourseWork/Test/lpm_constant17.qip"
set_global_assignment -name QIP_FILE lpm_constant16.qip
set_global_assignment -name QIP_FILE lpm_compare3.qip
set_global_assignment -name QIP_FILE lpm_compare4.qip
set_global_assignment -name QIP_FILE "../../Примеры КР/Протасеня В.П/курсовой/CourseWork/Test/lpm_constant18.qip"
set_global_assignment -name QIP_FILE lpm_constant17.qip
set_global_assignment -name BDF_FILE cpu_unit.bdf
set_global_assignment -name QIP_FILE lpm_bustri2.qip
set_global_assignment -name QIP_FILE lpm_bustri3.qip
set_global_assignment -name BDF_FILE address_decoder.bdf
set_global_assignment -name QIP_FILE lpm_constant18.qip
set_global_assignment -name QIP_FILE lpm_constant19.qip
set_global_assignment -name QIP_FILE lpm_add_sub1.qip
set_global_assignment -name QIP_FILE lpm_constant20.qip
set_global_assignment -name QIP_FILE lpm_constant21.qip
set_global_assignment -name QIP_FILE lpm_constant22.qip
set_global_assignment -name QIP_FILE lpm_bustri4.qip
set_global_assignment -name QIP_FILE lpm_bustri5.qip